
Microsoft Visual Studio Solution File, Format Version 12.00
# Visual Studio Version 17
VisualStudioVersion = 17.10.35004.147
MinimumVisualStudioVersion = 10.0.40219.1
Project("{FAE04EC0-301F-11D3-BF4B-00C04F79EFBC}") = "Esercitazione_18_06", "Esercitazione_18_06.csproj", "{25F133AA-82F1-4763-9468-272F539F95B7}"
EndProject
Global
	GlobalSection(SolutionConfigurationPlatforms) = preSolution
		Debug|Any CPU = Debug|Any CPU
		Release|Any CPU = Release|Any CPU
	EndGlobalSection
	GlobalSection(ProjectConfigurationPlatforms) = postSolution
		{25F133AA-82F1-4763-9468-272F539F95B7}.Debug|Any CPU.ActiveCfg = Debug|Any CPU
		{25F133AA-82F1-4763-9468-272F539F95B7}.Debug|Any CPU.Build.0 = Debug|Any CPU
		{25F133AA-82F1-4763-9468-272F539F95B7}.Release|Any CPU.ActiveCfg = Release|Any CPU
		{25F133AA-82F1-4763-9468-272F539F95B7}.Release|Any CPU.Build.0 = Release|Any CPU
	EndGlobalSection
	GlobalSection(SolutionProperties) = preSolution
		HideSolutionNode = FALSE
	EndGlobalSection
	GlobalSection(ExtensibilityGlobals) = postSolution
		SolutionGuid = {D07A8E6A-7369-473C-B7EE-7A636CFB2530}
	EndGlobalSection
EndGlobal
