
Microsoft Visual Studio Solution File, Format Version 12.00
# Visual Studio Version 17
VisualStudioVersion = 17.10.35004.147
MinimumVisualStudioVersion = 10.0.40219.1
Project("{FAE04EC0-301F-11D3-BF4B-00C04F79EFBC}") = "Esercizio_17_06", "Esercizio_17_06\Esercizio_17_06.csproj", "{13E0C92F-C0F9-454F-96F1-2B2D3BD467AF}"
EndProject
Global
	GlobalSection(SolutionConfigurationPlatforms) = preSolution
		Debug|Any CPU = Debug|Any CPU
		Release|Any CPU = Release|Any CPU
	EndGlobalSection
	GlobalSection(ProjectConfigurationPlatforms) = postSolution
		{13E0C92F-C0F9-454F-96F1-2B2D3BD467AF}.Debug|Any CPU.ActiveCfg = Debug|Any CPU
		{13E0C92F-C0F9-454F-96F1-2B2D3BD467AF}.Debug|Any CPU.Build.0 = Debug|Any CPU
		{13E0C92F-C0F9-454F-96F1-2B2D3BD467AF}.Release|Any CPU.ActiveCfg = Release|Any CPU
		{13E0C92F-C0F9-454F-96F1-2B2D3BD467AF}.Release|Any CPU.Build.0 = Release|Any CPU
	EndGlobalSection
	GlobalSection(SolutionProperties) = preSolution
		HideSolutionNode = FALSE
	EndGlobalSection
	GlobalSection(ExtensibilityGlobals) = postSolution
		SolutionGuid = {565B9449-A6E4-4AAD-AAD1-4C0A3A800582}
	EndGlobalSection
EndGlobal
